
Microsoft Visual Studio Solution File, Format Version 12.00
# Visual Studio Version 17
VisualStudioVersion = 17.8.34525.116
MinimumVisualStudioVersion = 10.0.40219.1
Project("{FAE04EC0-301F-11D3-BF4B-00C04F79EFBC}") = "FacultySystem", "FacultySystem\FacultySystem.csproj", "{00584890-49DB-4AD9-B62F-673CD9FDD16E}"
EndProject
Global
	GlobalSection(SolutionConfigurationPlatforms) = preSolution
		Debug|Any CPU = Debug|Any CPU
		Release|Any CPU = Release|Any CPU
	EndGlobalSection
	GlobalSection(ProjectConfigurationPlatforms) = postSolution
		{00584890-49DB-4AD9-B62F-673CD9FDD16E}.Debug|Any CPU.ActiveCfg = Debug|Any CPU
		{00584890-49DB-4AD9-B62F-673CD9FDD16E}.Debug|Any CPU.Build.0 = Debug|Any CPU
		{00584890-49DB-4AD9-B62F-673CD9FDD16E}.Release|Any CPU.ActiveCfg = Release|Any CPU
		{00584890-49DB-4AD9-B62F-673CD9FDD16E}.Release|Any CPU.Build.0 = Release|Any CPU
	EndGlobalSection
	GlobalSection(SolutionProperties) = preSolution
		HideSolutionNode = FALSE
	EndGlobalSection
	GlobalSection(ExtensibilityGlobals) = postSolution
		SolutionGuid = {2A6FFA86-9C5D-40A5-B2B4-74752BB41F9A}
	EndGlobalSection
EndGlobal
